<?xml version="1.0" encoding="utf-8"?>
<Project ToolsVersion="4.0" xmlns="http://schemas.microsoft.com/developer/msbuild/2003">
  <ItemGroup>
    <Filter Include="Source Files">
      <UniqueIdentifier>{4FC737F1-C7A5-4376-A066-2A32D752A2FF}</UniqueIdentifier>
      <Extensions>cpp;c;cc;cxx;def;odl;idl;hpj;bat;asm;asmx</Extensions>
    </Filter>
    <Filter Include="Header Files">
      <UniqueIdentifier>{93995380-89BD-4b04-88EB-625FBE52EBFB}</UniqueIdentifier>
      <Extensions>h;hpp;hxx;hm;inl;inc;xsd</Extensions>
    </Filter>
    <Filter Include="RtAudio">
      <UniqueIdentifier>{a7698148-86e9-4c2f-951d-7a90a0f7a33e}</UniqueIdentifier>
    </Filter>
    <Filter Include="RtAudio\include">
      <UniqueIdentifier>{0034ec79-c117-435e-bbe0-7bee190ee404}</UniqueIdentifier>
    </Filter>
  </ItemGroup>
  <ItemGroup>
    <ClInclude Include="RtAudio\RtAudio.h">
      <Filter>RtAudio</Filter>
    </ClInclude>
    <ClInclude Include="RtAudio\RtError.h">
      <Filter>RtAudio</Filter>
    </ClInclude>
    <ClInclude Include="RtErrorNet.h">
      <Filter>Header Files</Filter>
    </ClInclude>
    <ClInclude Include="RtAudio\include\asio.h">
      <Filter>RtAudio\include</Filter>
    </ClInclude>
    <ClInclude Include="RtAudio\include\iasiothiscallresolver.h">
      <Filter>RtAudio\include</Filter>
    </ClInclude>
    <ClInclude Include="RtAudio\include\asiodrivers.h">
      <Filter>RtAudio\include</Filter>
    </ClInclude>
    <ClInclude Include="RtAudio\include\asiodrvr.h">
      <Filter>RtAudio\include</Filter>
    </ClInclude>
    <ClInclude Include="RtAudio\include\asiolist.h">
      <Filter>RtAudio\include</Filter>
    </ClInclude>
    <ClInclude Include="RtAudio\include\asiosys.h">
      <Filter>RtAudio\include</Filter>
    </ClInclude>
    <ClInclude Include="RtAudio\include\dsound.h">
      <Filter>RtAudio\include</Filter>
    </ClInclude>
    <ClInclude Include="RtAudio\include\ginclude.h">
      <Filter>RtAudio\include</Filter>
    </ClInclude>
    <ClInclude Include="RtAudio\include\iasiodrv.h">
      <Filter>RtAudio\include</Filter>
    </ClInclude>
    <ClInclude Include="RtAudio\include\soundcard.h">
      <Filter>RtAudio\include</Filter>
    </ClInclude>
    <ClInclude Include="RtStream.h">
      <Filter>Header Files</Filter>
    </ClInclude>
    <ClInclude Include="CircularBuffer.h">
      <Filter>Header Files</Filter>
    </ClInclude>
    <ClInclude Include="RtMixer.h">
      <Filter>Header Files</Filter>
    </ClInclude>
    <ClInclude Include="RtAudioManager.h">
      <Filter>Header Files</Filter>
    </ClInclude>
    <ClInclude Include="RtAudioNet.h">
      <Filter>Header Files</Filter>
    </ClInclude>
    <ClInclude Include="EventLogger.h">
      <Filter>Header Files</Filter>
    </ClInclude>
  </ItemGroup>
  <ItemGroup>
    <ClCompile Include="AssemblyInfo.cpp">
      <Filter>Source Files</Filter>
    </ClCompile>
    <ClCompile Include="RtAudio\RtAudio.cpp">
      <Filter>RtAudio</Filter>
    </ClCompile>
    <ClCompile Include="RtAudioNet.cpp">
      <Filter>Source Files</Filter>
    </ClCompile>
    <ClCompile Include="RtAudio\include\asio.cpp">
      <Filter>RtAudio\include</Filter>
    </ClCompile>
    <ClCompile Include="RtAudio\include\asiodrivers.cpp">
      <Filter>RtAudio\include</Filter>
    </ClCompile>
    <ClCompile Include="RtAudio\include\asiolist.cpp">
      <Filter>RtAudio\include</Filter>
    </ClCompile>
    <ClCompile Include="RtAudio\include\iasiothiscallresolver.cpp">
      <Filter>RtAudio\include</Filter>
    </ClCompile>
    <ClCompile Include="RtStream.cpp">
      <Filter>Source Files</Filter>
    </ClCompile>
    <ClCompile Include="CircularBuffer.cpp">
      <Filter>Source Files</Filter>
    </ClCompile>
    <ClCompile Include="RtMixer.cpp">
      <Filter>Source Files</Filter>
    </ClCompile>
    <ClCompile Include="RtAudioManager.cpp">
      <Filter>Source Files</Filter>
    </ClCompile>
    <ClCompile Include="EventLogger.cpp">
      <Filter>Source Files</Filter>
    </ClCompile>
  </ItemGroup>
  <ItemGroup>
    <None Include="LICENSE.txt" />
  </ItemGroup>
</Project>